// !$*UTF8*$!
{
	archiveVersion = 1;
	classes = {
	};
	objectVersion = 46;
	objects = {

/* Begin PBXBuildFile section */
		27B86F7DCCC5CED8994FD12F /* libPods.a in Frameworks */ = {isa = PBXBuildFile; fileRef = DB2C53BADCC6A307A8334335 /* libPods.a */; };
		D707C5BD1CD1EB70009825E2 /* Assets.xcassets in Resources */ = {isa = PBXBuildFile; fileRef = D707C5BC1CD1EB70009825E2 /* Assets.xcassets */; };
		D707C5CB1CD1EB71009825E2 /* _____Tests.m in Sources */ = {isa = PBXBuildFile; fileRef = D707C5CA1CD1EB71009825E2 /* _____Tests.m */; };
		D707C5D61CD1EB71009825E2 /* _____UITests.m in Sources */ = {isa = PBXBuildFile; fileRef = D707C5D51CD1EB71009825E2 /* _____UITests.m */; };
		D7165DCA1CE57A0A009030DB /* XMGTopicCell.m in Sources */ = {isa = PBXBuildFile; fileRef = D7165DC81CE57A0A009030DB /* XMGTopicCell.m */; };
		D7165DCB1CE57A0A009030DB /* XMGTopicCell.xib in Resources */ = {isa = PBXBuildFile; fileRef = D7165DC91CE57A0A009030DB /* XMGTopicCell.xib */; };
		D72739641CEEEEEA002E31D0 /* NSDate+XMGExtension.m in Sources */ = {isa = PBXBuildFile; fileRef = D72739631CEEEEEA002E31D0 /* NSDate+XMGExtension.m */; };
		D72A81A21CD9C9690086DF3D /* XMGRecommendCategoryCell.m in Sources */ = {isa = PBXBuildFile; fileRef = D72A81A01CD9C9690086DF3D /* XMGRecommendCategoryCell.m */; };
		D72A81A31CD9C9690086DF3D /* XMGRecommendCategoryCell.xib in Resources */ = {isa = PBXBuildFile; fileRef = D72A81A11CD9C9690086DF3D /* XMGRecommendCategoryCell.xib */; };
		D72A81A71CD9DFA00086DF3D /* XMGRecommendUserCell.m in Sources */ = {isa = PBXBuildFile; fileRef = D72A81A51CD9DFA00086DF3D /* XMGRecommendUserCell.m */; };
		D72A81A81CD9DFA00086DF3D /* XMGRecommendUserCell.xib in Resources */ = {isa = PBXBuildFile; fileRef = D72A81A61CD9DFA00086DF3D /* XMGRecommendUserCell.xib */; };
		D72A81AB1CD9E31A0086DF3D /* XMGRecommendUser.m in Sources */ = {isa = PBXBuildFile; fileRef = D72A81AA1CD9E31A0086DF3D /* XMGRecommendUser.m */; };
		D73A15D31CD8B614008AAC70 /* XMGEssenceViewController.m in Sources */ = {isa = PBXBuildFile; fileRef = D73A15AD1CD8B614008AAC70 /* XMGEssenceViewController.m */; };
		D73A15D41CD8B614008AAC70 /* XMGFriendTrendsViewController.m in Sources */ = {isa = PBXBuildFile; fileRef = D73A15B31CD8B614008AAC70 /* XMGFriendTrendsViewController.m */; };
		D73A15D51CD8B614008AAC70 /* XMGMeViewController.m in Sources */ = {isa = PBXBuildFile; fileRef = D73A15B91CD8B614008AAC70 /* XMGMeViewController.m */; };
		D73A15D61CD8B614008AAC70 /* XMGNewViewController.m in Sources */ = {isa = PBXBuildFile; fileRef = D73A15BF1CD8B614008AAC70 /* XMGNewViewController.m */; };
		D73A15D71CD8B614008AAC70 /* AppDelegate.m in Sources */ = {isa = PBXBuildFile; fileRef = D73A15C41CD8B614008AAC70 /* AppDelegate.m */; };
		D73A15D81CD8B614008AAC70 /* UIBarButtonItem+XMGExtension.m in Sources */ = {isa = PBXBuildFile; fileRef = D73A15C71CD8B614008AAC70 /* UIBarButtonItem+XMGExtension.m */; };
		D73A15D91CD8B614008AAC70 /* UIView+XMGExtension.m in Sources */ = {isa = PBXBuildFile; fileRef = D73A15C91CD8B614008AAC70 /* UIView+XMGExtension.m */; };
		D73A15DA1CD8B614008AAC70 /* XMGTabBarController.m in Sources */ = {isa = PBXBuildFile; fileRef = D73A15CC1CD8B614008AAC70 /* XMGTabBarController.m */; };
		D73A15DB1CD8B614008AAC70 /* main.m in Sources */ = {isa = PBXBuildFile; fileRef = D73A15CD1CD8B614008AAC70 /* main.m */; };
		D73A15DC1CD8B614008AAC70 /* XMGTabBar.m in Sources */ = {isa = PBXBuildFile; fileRef = D73A15D21CD8B614008AAC70 /* XMGTabBar.m */; };
		D73A15DF1CD8CF76008AAC70 /* XMGNavigationController.m in Sources */ = {isa = PBXBuildFile; fileRef = D73A15DE1CD8CF76008AAC70 /* XMGNavigationController.m */; };
		D758514C1CFC2D8D00CCF487 /* XMGTopicPictureView.m in Sources */ = {isa = PBXBuildFile; fileRef = D758514B1CFC2D8D00CCF487 /* XMGTopicPictureView.m */; };
		D75851501CFC2DE700CCF487 /* XMGTopicPictureView.xib in Resources */ = {isa = PBXBuildFile; fileRef = D758514F1CFC2DE700CCF487 /* XMGTopicPictureView.xib */; };
		D7723C411CDB5D4B0048344C /* XMGRecommendTagsViewController.m in Sources */ = {isa = PBXBuildFile; fileRef = D7723C401CDB5D4B0048344C /* XMGRecommendTagsViewController.m */; };
		D7723C441CDB5F3C0048344C /* XMGRecommendTag.m in Sources */ = {isa = PBXBuildFile; fileRef = D7723C431CDB5F3C0048344C /* XMGRecommendTag.m */; };
		D7723C481CDB613A0048344C /* XMGRecommendTagCell.m in Sources */ = {isa = PBXBuildFile; fileRef = D7723C461CDB613A0048344C /* XMGRecommendTagCell.m */; };
		D7723C491CDB613A0048344C /* XMGRecommendTagCell.xib in Resources */ = {isa = PBXBuildFile; fileRef = D7723C471CDB613A0048344C /* XMGRecommendTagCell.xib */; };
		D77954571CD9907F0054448C /* XMGFriendTrendsViewController.xib in Resources */ = {isa = PBXBuildFile; fileRef = D77954561CD9907F0054448C /* XMGFriendTrendsViewController.xib */; };
		D779545B1CD99B600054448C /* XMGRecommendViewController.m in Sources */ = {isa = PBXBuildFile; fileRef = D77954591CD99B600054448C /* XMGRecommendViewController.m */; };
		D779545C1CD99B600054448C /* XMGRecommendViewController.xib in Resources */ = {isa = PBXBuildFile; fileRef = D779545A1CD99B600054448C /* XMGRecommendViewController.xib */; };
		D779545E1CD9A3BA0054448C /* Foundation+Log.m in Sources */ = {isa = PBXBuildFile; fileRef = D779545D1CD9A3BA0054448C /* Foundation+Log.m */; };
		D77954611CD9C69E0054448C /* XMGRecommendCategory.m in Sources */ = {isa = PBXBuildFile; fileRef = D77954601CD9C69E0054448C /* XMGRecommendCategory.m */; };
		D77F423A1CE05FF7003F5F50 /* XMGLoginRegisterViewController.m in Sources */ = {isa = PBXBuildFile; fileRef = D77F42381CE05FF7003F5F50 /* XMGLoginRegisterViewController.m */; };
		D77F423B1CE05FF7003F5F50 /* XMGLoginRegisterViewController.xib in Resources */ = {isa = PBXBuildFile; fileRef = D77F42391CE05FF7003F5F50 /* XMGLoginRegisterViewController.xib */; };
		D7832A4D1D01673200C9859A /* XMGPublishViewController.m in Sources */ = {isa = PBXBuildFile; fileRef = D7832A4B1D01673200C9859A /* XMGPublishViewController.m */; };
		D7832A4E1D01673200C9859A /* XMGPublishViewController.xib in Resources */ = {isa = PBXBuildFile; fileRef = D7832A4C1D01673200C9859A /* XMGPublishViewController.xib */; };
		D783EB601CE46AE2009F04FB /* XMGTopic.m in Sources */ = {isa = PBXBuildFile; fileRef = D783EB5F1CE46AE2009F04FB /* XMGTopic.m */; };
		D783EB631CE48416009F04FB /* XMGConst.m in Sources */ = {isa = PBXBuildFile; fileRef = D783EB621CE48416009F04FB /* XMGConst.m */; };
		D795F8A01D05945300C54171 /* XMGPublishView.m in Sources */ = {isa = PBXBuildFile; fileRef = D795F89E1D05945300C54171 /* XMGPublishView.m */; };
		D795F8A11D05945300C54171 /* XMGPublishView.xib in Resources */ = {isa = PBXBuildFile; fileRef = D795F89F1D05945300C54171 /* XMGPublishView.xib */; };
		D7D60BDA1CF8498200B02C41 /* XMGTopicViewController.m in Sources */ = {isa = PBXBuildFile; fileRef = D7D60BD91CF8498200B02C41 /* XMGTopicViewController.m */; };
		D7DAF1F61D002BE3006E456F /* XMGShowPictureViewController.m in Sources */ = {isa = PBXBuildFile; fileRef = D7DAF1F41D002BE3006E456F /* XMGShowPictureViewController.m */; };
		D7DAF1F71D002BE3006E456F /* XMGShowPictureViewController.xib in Resources */ = {isa = PBXBuildFile; fileRef = D7DAF1F51D002BE3006E456F /* XMGShowPictureViewController.xib */; };
		D7DAF1FA1D0033DF006E456F /* XMGProgressView.m in Sources */ = {isa = PBXBuildFile; fileRef = D7DAF1F91D0033DF006E456F /* XMGProgressView.m */; };
		D7E6C3271CE30DF000A6E200 /* XMGVerticalButton.m in Sources */ = {isa = PBXBuildFile; fileRef = D7E6C3261CE30DF000A6E200 /* XMGVerticalButton.m */; };
		D7E6C32A1CE3208200A6E200 /* XMGTextField.m in Sources */ = {isa = PBXBuildFile; fileRef = D7E6C3291CE3208200A6E200 /* XMGTextField.m */; };
		D7E6C32D1CE34CC600A6E200 /* XMGPushGuideView.m in Sources */ = {isa = PBXBuildFile; fileRef = D7E6C32C1CE34CC600A6E200 /* XMGPushGuideView.m */; };
		D7E6C32F1CE34CE100A6E200 /* XMGPushGuideView.xib in Resources */ = {isa = PBXBuildFile; fileRef = D7E6C32E1CE34CE100A6E200 /* XMGPushGuideView.xib */; };
		D7F47A2E1D5DB85100FAACB8 /* XMGTopicVoiceView.m in Sources */ = {isa = PBXBuildFile; fileRef = D7F47A2D1D5DB85100FAACB8 /* XMGTopicVoiceView.m */; };
		D7F47A301D5DB86D00FAACB8 /* XMGTopicVoiceView.xib in Resources */ = {isa = PBXBuildFile; fileRef = D7F47A2F1D5DB86D00FAACB8 /* XMGTopicVoiceView.xib */; };
/* End PBXBuildFile section */

/* Begin PBXContainerItemProxy section */
		D707C5C71CD1EB71009825E2 /* PBXContainerItemProxy */ = {
			isa = PBXContainerItemProxy;
			containerPortal = D707C5A51CD1EB70009825E2 /* Project object */;
			proxyType = 1;
			remoteGlobalIDString = D707C5AC1CD1EB70009825E2;
			remoteInfo = "百思不得姐";
		};
		D707C5D21CD1EB71009825E2 /* PBXContainerItemProxy */ = {
			isa = PBXContainerItemProxy;
			containerPortal = D707C5A51CD1EB70009825E2 /* Project object */;
			proxyType = 1;
			remoteGlobalIDString = D707C5AC1CD1EB70009825E2;
			remoteInfo = "百思不得姐";
		};
/* End PBXContainerItemProxy section */

/* Begin PBXFileReference section */
		34F922371FFD6F25BB65AC4F /* Pods.release.xcconfig */ = {isa = PBXFileReference; includeInIndex = 1; lastKnownFileType = text.xcconfig; name = Pods.release.xcconfig; path = "Pods/Target Support Files/Pods/Pods.release.xcconfig"; sourceTree = "<group>"; };
		35D3B26DCCC4215EB7C027A3 /* Pods.debug.xcconfig */ = {isa = PBXFileReference; includeInIndex = 1; lastKnownFileType = text.xcconfig; name = Pods.debug.xcconfig; path = "Pods/Target Support Files/Pods/Pods.debug.xcconfig"; sourceTree = "<group>"; };
		D707C5AD1CD1EB70009825E2 /* 百思不得姐.app */ = {isa = PBXFileReference; explicitFileType = wrapper.application; includeInIndex = 0; path = "百思不得姐.app"; sourceTree = BUILT_PRODUCTS_DIR; };
		D707C5BC1CD1EB70009825E2 /* Assets.xcassets */ = {isa = PBXFileReference; lastKnownFileType = folder.assetcatalog; path = Assets.xcassets; sourceTree = "<group>"; };
		D707C5C11CD1EB70009825E2 /* Info.plist */ = {isa = PBXFileReference; lastKnownFileType = text.plist.xml; path = Info.plist; sourceTree = "<group>"; };
		D707C5C61CD1EB71009825E2 /* 百思不得姐Tests.xctest */ = {isa = PBXFileReference; explicitFileType = wrapper.cfbundle; includeInIndex = 0; path = "百思不得姐Tests.xctest"; sourceTree = BUILT_PRODUCTS_DIR; };
		D707C5CA1CD1EB71009825E2 /* _____Tests.m */ = {isa = PBXFileReference; lastKnownFileType = sourcecode.c.objc; path = "_____Tests.m"; sourceTree = "<group>"; };
		D707C5CC1CD1EB71009825E2 /* Info.plist */ = {isa = PBXFileReference; lastKnownFileType = text.plist.xml; path = Info.plist; sourceTree = "<group>"; };
		D707C5D11CD1EB71009825E2 /* 百思不得姐UITests.xctest */ = {isa = PBXFileReference; explicitFileType = wrapper.cfbundle; includeInIndex = 0; path = "百思不得姐UITests.xctest"; sourceTree = BUILT_PRODUCTS_DIR; };
		D707C5D51CD1EB71009825E2 /* _____UITests.m */ = {isa = PBXFileReference; lastKnownFileType = sourcecode.c.objc; path = "_____UITests.m"; sourceTree = "<group>"; };
		D707C5D71CD1EB71009825E2 /* Info.plist */ = {isa = PBXFileReference; lastKnownFileType = text.plist.xml; path = Info.plist; sourceTree = "<group>"; };
		D7165DC71CE57A0A009030DB /* XMGTopicCell.h */ = {isa = PBXFileReference; fileEncoding = 4; lastKnownFileType = sourcecode.c.h; path = XMGTopicCell.h; sourceTree = "<group>"; };
		D7165DC81CE57A0A009030DB /* XMGTopicCell.m */ = {isa = PBXFileReference; fileEncoding = 4; lastKnownFileType = sourcecode.c.objc; path = XMGTopicCell.m; sourceTree = "<group>"; };
		D7165DC91CE57A0A009030DB /* XMGTopicCell.xib */ = {isa = PBXFileReference; fileEncoding = 4; lastKnownFileType = file.xib; path = XMGTopicCell.xib; sourceTree = "<group>"; };
		D72739621CEEEEEA002E31D0 /* NSDate+XMGExtension.h */ = {isa = PBXFileReference; fileEncoding = 4; lastKnownFileType = sourcecode.c.h; path = "NSDate+XMGExtension.h"; sourceTree = "<group>"; };
		D72739631CEEEEEA002E31D0 /* NSDate+XMGExtension.m */ = {isa = PBXFileReference; fileEncoding = 4; lastKnownFileType = sourcecode.c.objc; path = "NSDate+XMGExtension.m"; sourceTree = "<group>"; };
		D72A819F1CD9C9690086DF3D /* XMGRecommendCategoryCell.h */ = {isa = PBXFileReference; fileEncoding = 4; lastKnownFileType = sourcecode.c.h; path = XMGRecommendCategoryCell.h; sourceTree = "<group>"; };
		D72A81A01CD9C9690086DF3D /* XMGRecommendCategoryCell.m */ = {isa = PBXFileReference; fileEncoding = 4; lastKnownFileType = sourcecode.c.objc; path = XMGRecommendCategoryCell.m; sourceTree = "<group>"; };
		D72A81A11CD9C9690086DF3D /* XMGRecommendCategoryCell.xib */ = {isa = PBXFileReference; fileEncoding = 4; lastKnownFileType = file.xib; path = XMGRecommendCategoryCell.xib; sourceTree = "<group>"; };
		D72A81A41CD9DFA00086DF3D /* XMGRecommendUserCell.h */ = {isa = PBXFileReference; fileEncoding = 4; lastKnownFileType = sourcecode.c.h; path = XMGRecommendUserCell.h; sourceTree = "<group>"; };
		D72A81A51CD9DFA00086DF3D /* XMGRecommendUserCell.m */ = {isa = PBXFileReference; fileEncoding = 4; lastKnownFileType = sourcecode.c.objc; path = XMGRecommendUserCell.m; sourceTree = "<group>"; };
		D72A81A61CD9DFA00086DF3D /* XMGRecommendUserCell.xib */ = {isa = PBXFileReference; fileEncoding = 4; lastKnownFileType = file.xib; path = XMGRecommendUserCell.xib; sourceTree = "<group>"; };
		D72A81A91CD9E31A0086DF3D /* XMGRecommendUser.h */ = {isa = PBXFileReference; fileEncoding = 4; lastKnownFileType = sourcecode.c.h; path = XMGRecommendUser.h; sourceTree = "<group>"; };
		D72A81AA1CD9E31A0086DF3D /* XMGRecommendUser.m */ = {isa = PBXFileReference; fileEncoding = 4; lastKnownFileType = sourcecode.c.objc; path = XMGRecommendUser.m; sourceTree = "<group>"; };
		D73A15AC1CD8B614008AAC70 /* XMGEssenceViewController.h */ = {isa = PBXFileReference; fileEncoding = 4; lastKnownFileType = sourcecode.c.h; path = XMGEssenceViewController.h; sourceTree = "<group>"; };
		D73A15AD1CD8B614008AAC70 /* XMGEssenceViewController.m */ = {isa = PBXFileReference; fileEncoding = 4; lastKnownFileType = sourcecode.c.objc; path = XMGEssenceViewController.m; sourceTree = "<group>"; };
		D73A15B21CD8B614008AAC70 /* XMGFriendTrendsViewController.h */ = {isa = PBXFileReference; fileEncoding = 4; lastKnownFileType = sourcecode.c.h; path = XMGFriendTrendsViewController.h; sourceTree = "<group>"; };
		D73A15B31CD8B614008AAC70 /* XMGFriendTrendsViewController.m */ = {isa = PBXFileReference; fileEncoding = 4; lastKnownFileType = sourcecode.c.objc; path = XMGFriendTrendsViewController.m; sourceTree = "<group>"; };
		D73A15B81CD8B614008AAC70 /* XMGMeViewController.h */ = {isa = PBXFileReference; fileEncoding = 4; lastKnownFileType = sourcecode.c.h; path = XMGMeViewController.h; sourceTree = "<group>"; };
		D73A15B91CD8B614008AAC70 /* XMGMeViewController.m */ = {isa = PBXFileReference; fileEncoding = 4; lastKnownFileType = sourcecode.c.objc; path = XMGMeViewController.m; sourceTree = "<group>"; };
		D73A15BE1CD8B614008AAC70 /* XMGNewViewController.h */ = {isa = PBXFileReference; fileEncoding = 4; lastKnownFileType = sourcecode.c.h; path = XMGNewViewController.h; sourceTree = "<group>"; };
		D73A15BF1CD8B614008AAC70 /* XMGNewViewController.m */ = {isa = PBXFileReference; fileEncoding = 4; lastKnownFileType = sourcecode.c.objc; path = XMGNewViewController.m; sourceTree = "<group>"; };
		D73A15C31CD8B614008AAC70 /* AppDelegate.h */ = {isa = PBXFileReference; fileEncoding = 4; lastKnownFileType = sourcecode.c.h; path = AppDelegate.h; sourceTree = "<group>"; };
		D73A15C41CD8B614008AAC70 /* AppDelegate.m */ = {isa = PBXFileReference; fileEncoding = 4; lastKnownFileType = sourcecode.c.objc; path = AppDelegate.m; sourceTree = "<group>"; };
		D73A15C61CD8B614008AAC70 /* UIBarButtonItem+XMGExtension.h */ = {isa = PBXFileReference; fileEncoding = 4; lastKnownFileType = sourcecode.c.h; path = "UIBarButtonItem+XMGExtension.h"; sourceTree = "<group>"; };
		D73A15C71CD8B614008AAC70 /* UIBarButtonItem+XMGExtension.m */ = {isa = PBXFileReference; fileEncoding = 4; lastKnownFileType = sourcecode.c.objc; path = "UIBarButtonItem+XMGExtension.m"; sourceTree = "<group>"; };
		D73A15C81CD8B614008AAC70 /* UIView+XMGExtension.h */ = {isa = PBXFileReference; fileEncoding = 4; lastKnownFileType = sourcecode.c.h; path = "UIView+XMGExtension.h"; sourceTree = "<group>"; };
		D73A15C91CD8B614008AAC70 /* UIView+XMGExtension.m */ = {isa = PBXFileReference; fileEncoding = 4; lastKnownFileType = sourcecode.c.objc; path = "UIView+XMGExtension.m"; sourceTree = "<group>"; };
		D73A15CB1CD8B614008AAC70 /* XMGTabBarController.h */ = {isa = PBXFileReference; fileEncoding = 4; lastKnownFileType = sourcecode.c.h; path = XMGTabBarController.h; sourceTree = "<group>"; };
		D73A15CC1CD8B614008AAC70 /* XMGTabBarController.m */ = {isa = PBXFileReference; fileEncoding = 4; lastKnownFileType = sourcecode.c.objc; path = XMGTabBarController.m; sourceTree = "<group>"; };
		D73A15CD1CD8B614008AAC70 /* main.m */ = {isa = PBXFileReference; fileEncoding = 4; lastKnownFileType = sourcecode.c.objc; path = main.m; sourceTree = "<group>"; };
		D73A15CF1CD8B614008AAC70 /* PrefixHeader.pch */ = {isa = PBXFileReference; fileEncoding = 4; lastKnownFileType = sourcecode.c.h; path = PrefixHeader.pch; sourceTree = "<group>"; };
		D73A15D11CD8B614008AAC70 /* XMGTabBar.h */ = {isa = PBXFileReference; fileEncoding = 4; lastKnownFileType = sourcecode.c.h; path = XMGTabBar.h; sourceTree = "<group>"; };
		D73A15D21CD8B614008AAC70 /* XMGTabBar.m */ = {isa = PBXFileReference; fileEncoding = 4; lastKnownFileType = sourcecode.c.objc; path = XMGTabBar.m; sourceTree = "<group>"; };
		D73A15DD1CD8CF76008AAC70 /* XMGNavigationController.h */ = {isa = PBXFileReference; fileEncoding = 4; lastKnownFileType = sourcecode.c.h; path = XMGNavigationController.h; sourceTree = "<group>"; };
		D73A15DE1CD8CF76008AAC70 /* XMGNavigationController.m */ = {isa = PBXFileReference; fileEncoding = 4; lastKnownFileType = sourcecode.c.objc; path = XMGNavigationController.m; sourceTree = "<group>"; };
		D758514A1CFC2D8D00CCF487 /* XMGTopicPictureView.h */ = {isa = PBXFileReference; fileEncoding = 4; lastKnownFileType = sourcecode.c.h; path = XMGTopicPictureView.h; sourceTree = "<group>"; };
		D758514B1CFC2D8D00CCF487 /* XMGTopicPictureView.m */ = {isa = PBXFileReference; fileEncoding = 4; lastKnownFileType = sourcecode.c.objc; path = XMGTopicPictureView.m; sourceTree = "<group>"; };
		D758514F1CFC2DE700CCF487 /* XMGTopicPictureView.xib */ = {isa = PBXFileReference; fileEncoding = 4; lastKnownFileType = file.xib; path = XMGTopicPictureView.xib; sourceTree = "<group>"; };
		D7723C3F1CDB5D4B0048344C /* XMGRecommendTagsViewController.h */ = {isa = PBXFileReference; fileEncoding = 4; lastKnownFileType = sourcecode.c.h; path = XMGRecommendTagsViewController.h; sourceTree = "<group>"; };
		D7723C401CDB5D4B0048344C /* XMGRecommendTagsViewController.m */ = {isa = PBXFileReference; fileEncoding = 4; lastKnownFileType = sourcecode.c.objc; path = XMGRecommendTagsViewController.m; sourceTree = "<group>"; };
		D7723C421CDB5F3C0048344C /* XMGRecommendTag.h */ = {isa = PBXFileReference; fileEncoding = 4; lastKnownFileType = sourcecode.c.h; path = XMGRecommendTag.h; sourceTree = "<group>"; };
		D7723C431CDB5F3C0048344C /* XMGRecommendTag.m */ = {isa = PBXFileReference; fileEncoding = 4; lastKnownFileType = sourcecode.c.objc; path = XMGRecommendTag.m; sourceTree = "<group>"; };
		D7723C451CDB613A0048344C /* XMGRecommendTagCell.h */ = {isa = PBXFileReference; fileEncoding = 4; lastKnownFileType = sourcecode.c.h; path = XMGRecommendTagCell.h; sourceTree = "<group>"; };
		D7723C461CDB613A0048344C /* XMGRecommendTagCell.m */ = {isa = PBXFileReference; fileEncoding = 4; lastKnownFileType = sourcecode.c.objc; path = XMGRecommendTagCell.m; sourceTree = "<group>"; };
		D7723C471CDB613A0048344C /* XMGRecommendTagCell.xib */ = {isa = PBXFileReference; fileEncoding = 4; lastKnownFileType = file.xib; path = XMGRecommendTagCell.xib; sourceTree = "<group>"; };
		D77954561CD9907F0054448C /* XMGFriendTrendsViewController.xib */ = {isa = PBXFileReference; fileEncoding = 4; lastKnownFileType = file.xib; path = XMGFriendTrendsViewController.xib; sourceTree = "<group>"; };
		D77954581CD99B600054448C /* XMGRecommendViewController.h */ = {isa = PBXFileReference; fileEncoding = 4; lastKnownFileType = sourcecode.c.h; path = XMGRecommendViewController.h; sourceTree = "<group>"; };
		D77954591CD99B600054448C /* XMGRecommendViewController.m */ = {isa = PBXFileReference; fileEncoding = 4; lastKnownFileType = sourcecode.c.objc; path = XMGRecommendViewController.m; sourceTree = "<group>"; };
		D779545A1CD99B600054448C /* XMGRecommendViewController.xib */ = {isa = PBXFileReference; fileEncoding = 4; lastKnownFileType = file.xib; path = XMGRecommendViewController.xib; sourceTree = "<group>"; };
		D779545D1CD9A3BA0054448C /* Foundation+Log.m */ = {isa = PBXFileReference; fileEncoding = 4; lastKnownFileType = sourcecode.c.objc; path = "Foundation+Log.m"; sourceTree = "<group>"; };
		D779545F1CD9C69E0054448C /* XMGRecommendCategory.h */ = {isa = PBXFileReference; fileEncoding = 4; lastKnownFileType = sourcecode.c.h; path = XMGRecommendCategory.h; sourceTree = "<group>"; };
		D77954601CD9C69E0054448C /* XMGRecommendCategory.m */ = {isa = PBXFileReference; fileEncoding = 4; lastKnownFileType = sourcecode.c.objc; path = XMGRecommendCategory.m; sourceTree = "<group>"; };
		D77F42371CE05FF7003F5F50 /* XMGLoginRegisterViewController.h */ = {isa = PBXFileReference; fileEncoding = 4; lastKnownFileType = sourcecode.c.h; path = XMGLoginRegisterViewController.h; sourceTree = "<group>"; };
		D77F42381CE05FF7003F5F50 /* XMGLoginRegisterViewController.m */ = {isa = PBXFileReference; fileEncoding = 4; lastKnownFileType = sourcecode.c.objc; path = XMGLoginRegisterViewController.m; sourceTree = "<group>"; };
		D77F42391CE05FF7003F5F50 /* XMGLoginRegisterViewController.xib */ = {isa = PBXFileReference; fileEncoding = 4; lastKnownFileType = file.xib; path = XMGLoginRegisterViewController.xib; sourceTree = "<group>"; };
		D7832A4A1D01673200C9859A /* XMGPublishViewController.h */ = {isa = PBXFileReference; fileEncoding = 4; lastKnownFileType = sourcecode.c.h; path = XMGPublishViewController.h; sourceTree = "<group>"; };
		D7832A4B1D01673200C9859A /* XMGPublishViewController.m */ = {isa = PBXFileReference; fileEncoding = 4; lastKnownFileType = sourcecode.c.objc; path = XMGPublishViewController.m; sourceTree = "<group>"; };
		D7832A4C1D01673200C9859A /* XMGPublishViewController.xib */ = {isa = PBXFileReference; fileEncoding = 4; lastKnownFileType = file.xib; path = XMGPublishViewController.xib; sourceTree = "<group>"; };
		D783EB5E1CE46AE2009F04FB /* XMGTopic.h */ = {isa = PBXFileReference; fileEncoding = 4; lastKnownFileType = sourcecode.c.h; path = XMGTopic.h; sourceTree = "<group>"; };
		D783EB5F1CE46AE2009F04FB /* XMGTopic.m */ = {isa = PBXFileReference; fileEncoding = 4; lastKnownFileType = sourcecode.c.objc; path = XMGTopic.m; sourceTree = "<group>"; };
		D783EB611CE48416009F04FB /* XMGConst.h */ = {isa = PBXFileReference; fileEncoding = 4; lastKnownFileType = sourcecode.c.h; path = XMGConst.h; sourceTree = "<group>"; };
		D783EB621CE48416009F04FB /* XMGConst.m */ = {isa = PBXFileReference; fileEncoding = 4; lastKnownFileType = sourcecode.c.objc; path = XMGConst.m; sourceTree = "<group>"; };
		D795F89D1D05945300C54171 /* XMGPublishView.h */ = {isa = PBXFileReference; fileEncoding = 4; lastKnownFileType = sourcecode.c.h; path = XMGPublishView.h; sourceTree = "<group>"; };
		D795F89E1D05945300C54171 /* XMGPublishView.m */ = {isa = PBXFileReference; fileEncoding = 4; lastKnownFileType = sourcecode.c.objc; path = XMGPublishView.m; sourceTree = "<group>"; };
		D795F89F1D05945300C54171 /* XMGPublishView.xib */ = {isa = PBXFileReference; fileEncoding = 4; lastKnownFileType = file.xib; path = XMGPublishView.xib; sourceTree = "<group>"; };
		D7D60BD81CF8498200B02C41 /* XMGTopicViewController.h */ = {isa = PBXFileReference; fileEncoding = 4; lastKnownFileType = sourcecode.c.h; path = XMGTopicViewController.h; sourceTree = "<group>"; };
		D7D60BD91CF8498200B02C41 /* XMGTopicViewController.m */ = {isa = PBXFileReference; fileEncoding = 4; lastKnownFileType = sourcecode.c.objc; path = XMGTopicViewController.m; sourceTree = "<group>"; };
		D7DAF1F31D002BE3006E456F /* XMGShowPictureViewController.h */ = {isa = PBXFileReference; fileEncoding = 4; lastKnownFileType = sourcecode.c.h; path = XMGShowPictureViewController.h; sourceTree = "<group>"; };
		D7DAF1F41D002BE3006E456F /* XMGShowPictureViewController.m */ = {isa = PBXFileReference; fileEncoding = 4; lastKnownFileType = sourcecode.c.objc; path = XMGShowPictureViewController.m; sourceTree = "<group>"; };
		D7DAF1F51D002BE3006E456F /* XMGShowPictureViewController.xib */ = {isa = PBXFileReference; fileEncoding = 4; lastKnownFileType = file.xib; path = XMGShowPictureViewController.xib; sourceTree = "<group>"; };
		D7DAF1F81D0033DF006E456F /* XMGProgressView.h */ = {isa = PBXFileReference; fileEncoding = 4; lastKnownFileType = sourcecode.c.h; path = XMGProgressView.h; sourceTree = "<group>"; };
		D7DAF1F91D0033DF006E456F /* XMGProgressView.m */ = {isa = PBXFileReference; fileEncoding = 4; lastKnownFileType = sourcecode.c.objc; path = XMGProgressView.m; sourceTree = "<group>"; };
		D7E6C3251CE30DF000A6E200 /* XMGVerticalButton.h */ = {isa = PBXFileReference; fileEncoding = 4; lastKnownFileType = sourcecode.c.h; path = XMGVerticalButton.h; sourceTree = "<group>"; };
		D7E6C3261CE30DF000A6E200 /* XMGVerticalButton.m */ = {isa = PBXFileReference; fileEncoding = 4; lastKnownFileType = sourcecode.c.objc; path = XMGVerticalButton.m; sourceTree = "<group>"; };
		D7E6C3281CE3208200A6E200 /* XMGTextField.h */ = {isa = PBXFileReference; fileEncoding = 4; lastKnownFileType = sourcecode.c.h; path = XMGTextField.h; sourceTree = "<group>"; };
		D7E6C3291CE3208200A6E200 /* XMGTextField.m */ = {isa = PBXFileReference; fileEncoding = 4; lastKnownFileType = sourcecode.c.objc; path = XMGTextField.m; sourceTree = "<group>"; };
		D7E6C32B1CE34CC600A6E200 /* XMGPushGuideView.h */ = {isa = PBXFileReference; fileEncoding = 4; lastKnownFileType = sourcecode.c.h; path = XMGPushGuideView.h; sourceTree = "<group>"; };
		D7E6C32C1CE34CC600A6E200 /* XMGPushGuideView.m */ = {isa = PBXFileReference; fileEncoding = 4; lastKnownFileType = sourcecode.c.objc; path = XMGPushGuideView.m; sourceTree = "<group>"; };
		D7E6C32E1CE34CE100A6E200 /* XMGPushGuideView.xib */ = {isa = PBXFileReference; fileEncoding = 4; lastKnownFileType = file.xib; path = XMGPushGuideView.xib; sourceTree = "<group>"; };
		D7F47A2C1D5DB85100FAACB8 /* XMGTopicVoiceView.h */ = {isa = PBXFileReference; fileEncoding = 4; lastKnownFileType = sourcecode.c.h; path = XMGTopicVoiceView.h; sourceTree = "<group>"; };
		D7F47A2D1D5DB85100FAACB8 /* XMGTopicVoiceView.m */ = {isa = PBXFileReference; fileEncoding = 4; lastKnownFileType = sourcecode.c.objc; path = XMGTopicVoiceView.m; sourceTree = "<group>"; };
		D7F47A2F1D5DB86D00FAACB8 /* XMGTopicVoiceView.xib */ = {isa = PBXFileReference; fileEncoding = 4; lastKnownFileType = file.xib; path = XMGTopicVoiceView.xib; sourceTree = "<group>"; };
		DB2C53BADCC6A307A8334335 /* libPods.a */ = {isa = PBXFileReference; explicitFileType = archive.ar; includeInIndex = 0; path = libPods.a; sourceTree = BUILT_PRODUCTS_DIR; };
/* End PBXFileReference section */

/* Begin PBXFrameworksBuildPhase section */
		D707C5AA1CD1EB70009825E2 /* Frameworks */ = {
			isa = PBXFrameworksBuildPhase;
			buildActionMask = 2147483647;
			files = (
				27B86F7DCCC5CED8994FD12F /* libPods.a in Frameworks */,
			);
			runOnlyForDeploymentPostprocessing = 0;
		};
		D707C5C31CD1EB71009825E2 /* Frameworks */ = {
			isa = PBXFrameworksBuildPhase;
			buildActionMask = 2147483647;
			files = (
			);
			runOnlyForDeploymentPostprocessing = 0;
		};
		D707C5CE1CD1EB71009825E2 /* Frameworks */ = {
			isa = PBXFrameworksBuildPhase;
			buildActionMask = 2147483647;
			files = (
			);
			runOnlyForDeploymentPostprocessing = 0;
		};
/* End PBXFrameworksBuildPhase section */

/* Begin PBXGroup section */
		3BA72EC3BB3F3309553CE22F /* Pods */ = {
			isa = PBXGroup;
			children = (
				35D3B26DCCC4215EB7C027A3 /* Pods.debug.xcconfig */,
				34F922371FFD6F25BB65AC4F /* Pods.release.xcconfig */,
			);
			name = Pods;
			sourceTree = "<group>";
		};
		9E2957E49B0EC15F47C20011 /* Frameworks */ = {
			isa = PBXGroup;
			children = (
				DB2C53BADCC6A307A8334335 /* libPods.a */,
			);
			name = Frameworks;
			sourceTree = "<group>";
		};
		D707C5A41CD1EB70009825E2 = {
			isa = PBXGroup;
			children = (
				D707C5AF1CD1EB70009825E2 /* 百思不得姐 */,
				D707C5C91CD1EB71009825E2 /* 百思不得姐Tests */,
				D707C5D41CD1EB71009825E2 /* 百思不得姐UITests */,
				D707C5AE1CD1EB70009825E2 /* Products */,
				3BA72EC3BB3F3309553CE22F /* Pods */,
				9E2957E49B0EC15F47C20011 /* Frameworks */,
			);
			sourceTree = "<group>";
		};
		D707C5AE1CD1EB70009825E2 /* Products */ = {
			isa = PBXGroup;
			children = (
				D707C5AD1CD1EB70009825E2 /* 百思不得姐.app */,
				D707C5C61CD1EB71009825E2 /* 百思不得姐Tests.xctest */,
				D707C5D11CD1EB71009825E2 /* 百思不得姐UITests.xctest */,
			);
			name = Products;
			sourceTree = "<group>";
		};
		D707C5AF1CD1EB70009825E2 /* 百思不得姐 */ = {
			isa = PBXGroup;
			children = (
				D73A15A91CD8B614008AAC70 /* Classes */,
				D707C5B01CD1EB70009825E2 /* Supporting Files */,
			);
			path = "百思不得姐";
			sourceTree = "<group>";
		};
		D707C5B01CD1EB70009825E2 /* Supporting Files */ = {
			isa = PBXGroup;
			children = (
				D707C5C11CD1EB70009825E2 /* Info.plist */,
				D707C5BC1CD1EB70009825E2 /* Assets.xcassets */,
			);
			name = "Supporting Files";
			sourceTree = "<group>";
		};
		D707C5C91CD1EB71009825E2 /* 百思不得姐Tests */ = {
			isa = PBXGroup;
			children = (
				D707C5CA1CD1EB71009825E2 /* _____Tests.m */,
				D707C5CC1CD1EB71009825E2 /* Info.plist */,
			);
			path = "百思不得姐Tests";
			sourceTree = "<group>";
		};
		D707C5D41CD1EB71009825E2 /* 百思不得姐UITests */ = {
			isa = PBXGroup;
			children = (
				D707C5D51CD1EB71009825E2 /* _____UITests.m */,
				D707C5D71CD1EB71009825E2 /* Info.plist */,
			);
			path = "百思不得姐UITests";
			sourceTree = "<group>";
		};
		D73A15A91CD8B614008AAC70 /* Classes */ = {
			isa = PBXGroup;
			children = (
				D73A15AA1CD8B614008AAC70 /* Essence-精华 */,
				D73A15B01CD8B614008AAC70 /* FriendTrends-关注 */,
				D73A15B61CD8B614008AAC70 /* Me-我 */,
				D73A15BC1CD8B614008AAC70 /* New-新帖 */,
				D73A15C21CD8B614008AAC70 /* Other-其他 */,
			);
			path = Classes;
			sourceTree = "<group>";
		};
		D73A15AA1CD8B614008AAC70 /* Essence-精华 */ = {
			isa = PBXGroup;
			children = (
				D73A15AB1CD8B614008AAC70 /* Controller */,
				D73A15AE1CD8B614008AAC70 /* Model */,
				D73A15AF1CD8B614008AAC70 /* View */,
			);
			path = "Essence-精华";
			sourceTree = "<group>";
		};
		D73A15AB1CD8B614008AAC70 /* Controller */ = {
			isa = PBXGroup;
			children = (
				D73A15AC1CD8B614008AAC70 /* XMGEssenceViewController.h */,
				D73A15AD1CD8B614008AAC70 /* XMGEssenceViewController.m */,
				D7723C3F1CDB5D4B0048344C /* XMGRecommendTagsViewController.h */,
				D7723C401CDB5D4B0048344C /* XMGRecommendTagsViewController.m */,
				D7D60BD81CF8498200B02C41 /* XMGTopicViewController.h */,
				D7D60BD91CF8498200B02C41 /* XMGTopicViewController.m */,
				D7DAF1F31D002BE3006E456F /* XMGShowPictureViewController.h */,
				D7DAF1F41D002BE3006E456F /* XMGShowPictureViewController.m */,
				D7DAF1F51D002BE3006E456F /* XMGShowPictureViewController.xib */,
			);
			path = Controller;
			sourceTree = "<group>";
		};
		D73A15AE1CD8B614008AAC70 /* Model */ = {
			isa = PBXGroup;
			children = (
				D7723C421CDB5F3C0048344C /* XMGRecommendTag.h */,
				D7723C431CDB5F3C0048344C /* XMGRecommendTag.m */,
				D783EB5E1CE46AE2009F04FB /* XMGTopic.h */,
				D783EB5F1CE46AE2009F04FB /* XMGTopic.m */,
			);
			path = Model;
			sourceTree = "<group>";
		};
		D73A15AF1CD8B614008AAC70 /* View */ = {
			isa = PBXGroup;
			children = (
				D7F47A2C1D5DB85100FAACB8 /* XMGTopicVoiceView.h */,
				D7F47A2D1D5DB85100FAACB8 /* XMGTopicVoiceView.m */,
				D7F47A2F1D5DB86D00FAACB8 /* XMGTopicVoiceView.xib */,
				D7723C451CDB613A0048344C /* XMGRecommendTagCell.h */,
				D7723C461CDB613A0048344C /* XMGRecommendTagCell.m */,
				D7723C471CDB613A0048344C /* XMGRecommendTagCell.xib */,
				D7165DC71CE57A0A009030DB /* XMGTopicCell.h */,
				D7165DC81CE57A0A009030DB /* XMGTopicCell.m */,
				D7165DC91CE57A0A009030DB /* XMGTopicCell.xib */,
				D758514A1CFC2D8D00CCF487 /* XMGTopicPictureView.h */,
				D758514B1CFC2D8D00CCF487 /* XMGTopicPictureView.m */,
				D758514F1CFC2DE700CCF487 /* XMGTopicPictureView.xib */,
				D7DAF1F81D0033DF006E456F /* XMGProgressView.h */,
				D7DAF1F91D0033DF006E456F /* XMGProgressView.m */,
			);
			path = View;
			sourceTree = "<group>";
		};
		D73A15B01CD8B614008AAC70 /* FriendTrends-关注 */ = {
			isa = PBXGroup;
			children = (
				D73A15B11CD8B614008AAC70 /* Controller */,
				D73A15B51CD8B614008AAC70 /* View */,
				D73A15B41CD8B614008AAC70 /* Model */,
			);
			path = "FriendTrends-关注";
			sourceTree = "<group>";
		};
		D73A15B11CD8B614008AAC70 /* Controller */ = {
			isa = PBXGroup;
			children = (
				D73A15B21CD8B614008AAC70 /* XMGFriendTrendsViewController.h */,
				D73A15B31CD8B614008AAC70 /* XMGFriendTrendsViewController.m */,
				D77954561CD9907F0054448C /* XMGFriendTrendsViewController.xib */,
				D77954581CD99B600054448C /* XMGRecommendViewController.h */,
				D77954591CD99B600054448C /* XMGRecommendViewController.m */,
				D779545A1CD99B600054448C /* XMGRecommendViewController.xib */,
				D77F42371CE05FF7003F5F50 /* XMGLoginRegisterViewController.h */,
				D77F42381CE05FF7003F5F50 /* XMGLoginRegisterViewController.m */,
				D77F42391CE05FF7003F5F50 /* XMGLoginRegisterViewController.xib */,
			);
			path = Controller;
			sourceTree = "<group>";
		};
		D73A15B41CD8B614008AAC70 /* Model */ = {
			isa = PBXGroup;
			children = (
				D779545F1CD9C69E0054448C /* XMGRecommendCategory.h */,
				D77954601CD9C69E0054448C /* XMGRecommendCategory.m */,
				D72A81A91CD9E31A0086DF3D /* XMGRecommendUser.h */,
				D72A81AA1CD9E31A0086DF3D /* XMGRecommendUser.m */,
			);
			path = Model;
			sourceTree = "<group>";
		};
		D73A15B51CD8B614008AAC70 /* View */ = {
			isa = PBXGroup;
			children = (
				D72A819F1CD9C9690086DF3D /* XMGRecommendCategoryCell.h */,
				D72A81A01CD9C9690086DF3D /* XMGRecommendCategoryCell.m */,
				D72A81A11CD9C9690086DF3D /* XMGRecommendCategoryCell.xib */,
				D72A81A41CD9DFA00086DF3D /* XMGRecommendUserCell.h */,
				D72A81A51CD9DFA00086DF3D /* XMGRecommendUserCell.m */,
				D72A81A61CD9DFA00086DF3D /* XMGRecommendUserCell.xib */,
				D7E6C3251CE30DF000A6E200 /* XMGVerticalButton.h */,
				D7E6C3261CE30DF000A6E200 /* XMGVerticalButton.m */,
				D7E6C3281CE3208200A6E200 /* XMGTextField.h */,
				D7E6C3291CE3208200A6E200 /* XMGTextField.m */,
			);
			path = View;
			sourceTree = "<group>";
		};
		D73A15B61CD8B614008AAC70 /* Me-我 */ = {
			isa = PBXGroup;
			children = (
				D73A15B71CD8B614008AAC70 /* Controller */,
				D73A15BA1CD8B614008AAC70 /* Model */,
				D73A15BB1CD8B614008AAC70 /* View */,
			);
			path = "Me-我";
			sourceTree = "<group>";
		};
		D73A15B71CD8B614008AAC70 /* Controller */ = {
			isa = PBXGroup;
			children = (
				D73A15B81CD8B614008AAC70 /* XMGMeViewController.h */,
				D73A15B91CD8B614008AAC70 /* XMGMeViewController.m */,
			);
			path = Controller;
			sourceTree = "<group>";
		};
		D73A15BA1CD8B614008AAC70 /* Model */ = {
			isa = PBXGroup;
			children = (
			);
			path = Model;
			sourceTree = "<group>";
		};
		D73A15BB1CD8B614008AAC70 /* View */ = {
			isa = PBXGroup;
			children = (
			);
			path = View;
			sourceTree = "<group>";
		};
		D73A15BC1CD8B614008AAC70 /* New-新帖 */ = {
			isa = PBXGroup;
			children = (
				D73A15BD1CD8B614008AAC70 /* Controller */,
				D73A15C01CD8B614008AAC70 /* Model */,
				D73A15C11CD8B614008AAC70 /* View */,
			);
			path = "New-新帖";
			sourceTree = "<group>";
		};
		D73A15BD1CD8B614008AAC70 /* Controller */ = {
			isa = PBXGroup;
			children = (
				D73A15BE1CD8B614008AAC70 /* XMGNewViewController.h */,
				D73A15BF1CD8B614008AAC70 /* XMGNewViewController.m */,
			);
			path = Controller;
			sourceTree = "<group>";
		};
		D73A15C01CD8B614008AAC70 /* Model */ = {
			isa = PBXGroup;
			children = (
			);
			path = Model;
			sourceTree = "<group>";
		};
		D73A15C11CD8B614008AAC70 /* View */ = {
			isa = PBXGroup;
			children = (
			);
			path = View;
			sourceTree = "<group>";
		};
		D73A15C21CD8B614008AAC70 /* Other-其他 */ = {
			isa = PBXGroup;
			children = (
				D73A15CA1CD8B614008AAC70 /* Controller */,
				D73A15C51CD8B614008AAC70 /* Category */,
				D73A15CE1CD8B614008AAC70 /* Model */,
				D73A15D01CD8B614008AAC70 /* View */,
				D73A15C31CD8B614008AAC70 /* AppDelegate.h */,
				D73A15C41CD8B614008AAC70 /* AppDelegate.m */,
				D779545D1CD9A3BA0054448C /* Foundation+Log.m */,
				D73A15CD1CD8B614008AAC70 /* main.m */,
				D73A15CF1CD8B614008AAC70 /* PrefixHeader.pch */,
				D783EB611CE48416009F04FB /* XMGConst.h */,
				D783EB621CE48416009F04FB /* XMGConst.m */,
			);
			path = "Other-其他";
			sourceTree = "<group>";
		};
		D73A15C51CD8B614008AAC70 /* Category */ = {
			isa = PBXGroup;
			children = (
				D73A15C61CD8B614008AAC70 /* UIBarButtonItem+XMGExtension.h */,
				D73A15C71CD8B614008AAC70 /* UIBarButtonItem+XMGExtension.m */,
				D73A15C81CD8B614008AAC70 /* UIView+XMGExtension.h */,
				D73A15C91CD8B614008AAC70 /* UIView+XMGExtension.m */,
				D72739621CEEEEEA002E31D0 /* NSDate+XMGExtension.h */,
				D72739631CEEEEEA002E31D0 /* NSDate+XMGExtension.m */,
			);
			path = Category;
			sourceTree = "<group>";
		};
		D73A15CA1CD8B614008AAC70 /* Controller */ = {
			isa = PBXGroup;
			children = (
				D73A15CB1CD8B614008AAC70 /* XMGTabBarController.h */,
				D73A15CC1CD8B614008AAC70 /* XMGTabBarController.m */,
				D73A15DD1CD8CF76008AAC70 /* XMGNavigationController.h */,
				D73A15DE1CD8CF76008AAC70 /* XMGNavigationController.m */,
				D7832A4A1D01673200C9859A /* XMGPublishViewController.h */,
				D7832A4B1D01673200C9859A /* XMGPublishViewController.m */,
				D7832A4C1D01673200C9859A /* XMGPublishViewController.xib */,
				D795F89D1D05945300C54171 /* XMGPublishView.h */,
				D795F89E1D05945300C54171 /* XMGPublishView.m */,
				D795F89F1D05945300C54171 /* XMGPublishView.xib */,
			);
			path = Controller;
			sourceTree = "<group>";
		};
		D73A15CE1CD8B614008AAC70 /* Model */ = {
			isa = PBXGroup;
			children = (
			);
			path = Model;
			sourceTree = "<group>";
		};
		D73A15D01CD8B614008AAC70 /* View */ = {
			isa = PBXGroup;
			children = (
				D73A15D11CD8B614008AAC70 /* XMGTabBar.h */,
				D73A15D21CD8B614008AAC70 /* XMGTabBar.m */,
				D7E6C32B1CE34CC600A6E200 /* XMGPushGuideView.h */,
				D7E6C32C1CE34CC600A6E200 /* XMGPushGuideView.m */,
				D7E6C32E1CE34CE100A6E200 /* XMGPushGuideView.xib */,
			);
			path = View;
			sourceTree = "<group>";
		};
/* End PBXGroup section */

/* Begin PBXNativeTarget section */
		D707C5AC1CD1EB70009825E2 /* 百思不得姐 */ = {
			isa = PBXNativeTarget;
			buildConfigurationList = D707C5DA1CD1EB71009825E2 /* Build configuration list for PBXNativeTarget "百思不得姐" */;
			buildPhases = (
				8B927DC227C552D82DB4779E /* Check Pods Manifest.lock */,
				D707C5A91CD1EB70009825E2 /* Sources */,
				D707C5AA1CD1EB70009825E2 /* Frameworks */,
				D707C5AB1CD1EB70009825E2 /* Resources */,
				FA85BB3CBFD6B010E5173E54 /* Embed Pods Frameworks */,
				9501A9261AC4928090BE8767 /* Copy Pods Resources */,
			);
			buildRules = (
			);
			dependencies = (
			);
			name = "百思不得姐";
			productName = "百思不得姐";
			productReference = D707C5AD1CD1EB70009825E2 /* 百思不得姐.app */;
			productType = "com.apple.product-type.application";
		};
		D707C5C51CD1EB71009825E2 /* 百思不得姐Tests */ = {
			isa = PBXNativeTarget;
			buildConfigurationList = D707C5DD1CD1EB71009825E2 /* Build configuration list for PBXNativeTarget "百思不得姐Tests" */;
			buildPhases = (
				D707C5C21CD1EB71009825E2 /* Sources */,
				D707C5C31CD1EB71009825E2 /* Frameworks */,
				D707C5C41CD1EB71009825E2 /* Resources */,
			);
			buildRules = (
			);
			dependencies = (
				D707C5C81CD1EB71009825E2 /* PBXTargetDependency */,
			);
			name = "百思不得姐Tests";
			productName = "百思不得姐Tests";
			productReference = D707C5C61CD1EB71009825E2 /* 百思不得姐Tests.xctest */;
			productType = "com.apple.product-type.bundle.unit-test";
		};
		D707C5D01CD1EB71009825E2 /* 百思不得姐UITests */ = {
			isa = PBXNativeTarget;
			buildConfigurationList = D707C5E01CD1EB71009825E2 /* Build configuration list for PBXNativeTarget "百思不得姐UITests" */;
			buildPhases = (
				D707C5CD1CD1EB71009825E2 /* Sources */,
				D707C5CE1CD1EB71009825E2 /* Frameworks */,
				D707C5CF1CD1EB71009825E2 /* Resources */,
			);
			buildRules = (
			);
			dependencies = (
				D707C5D31CD1EB71009825E2 /* PBXTargetDependency */,
			);
			name = "百思不得姐UITests";
			productName = "百思不得姐UITests";
			productReference = D707C5D11CD1EB71009825E2 /* 百思不得姐UITests.xctest */;
			productType = "com.apple.product-type.bundle.ui-testing";
		};
/* End PBXNativeTarget section */

/* Begin PBXProject section */
		D707C5A51CD1EB70009825E2 /* Project object */ = {
			isa = PBXProject;
			attributes = {
				CLASSPREFIX = XMG;
				LastUpgradeCheck = 0730;
				ORGANIZATIONNAME = dev;
				TargetAttributes = {
					D707C5AC1CD1EB70009825E2 = {
						CreatedOnToolsVersion = 7.3;
					};
					D707C5C51CD1EB71009825E2 = {
						CreatedOnToolsVersion = 7.3;
						TestTargetID = D707C5AC1CD1EB70009825E2;
					};
					D707C5D01CD1EB71009825E2 = {
						CreatedOnToolsVersion = 7.3;
						TestTargetID = D707C5AC1CD1EB70009825E2;
					};
				};
			};
			buildConfigurationList = D707C5A81CD1EB70009825E2 /* Build configuration list for PBXProject "百思不得姐" */;
			compatibilityVersion = "Xcode 3.2";
			developmentRegion = English;
			hasScannedForEncodings = 0;
			knownRegions = (
				en,
				Base,
			);
			mainGroup = D707C5A41CD1EB70009825E2;
			productRefGroup = D707C5AE1CD1EB70009825E2 /* Products */;
			projectDirPath = "";
			projectRoot = "";
			targets = (
				D707C5AC1CD1EB70009825E2 /* 百思不得姐 */,
				D707C5C51CD1EB71009825E2 /* 百思不得姐Tests */,
				D707C5D01CD1EB71009825E2 /* 百思不得姐UITests */,
			);
		};
/* End PBXProject section */

/* Begin PBXResourcesBuildPhase section */
		D707C5AB1CD1EB70009825E2 /* Resources */ = {
			isa = PBXResourcesBuildPhase;
			buildActionMask = 2147483647;
			files = (
				D7F47A301D5DB86D00FAACB8 /* XMGTopicVoiceView.xib in Resources */,
				D75851501CFC2DE700CCF487 /* XMGTopicPictureView.xib in Resources */,
				D72A81A81CD9DFA00086DF3D /* XMGRecommendUserCell.xib in Resources */,
				D795F8A11D05945300C54171 /* XMGPublishView.xib in Resources */,
				D707C5BD1CD1EB70009825E2 /* Assets.xcassets in Resources */,
				D7832A4E1D01673200C9859A /* XMGPublishViewController.xib in Resources */,
				D7E6C32F1CE34CE100A6E200 /* XMGPushGuideView.xib in Resources */,
				D7723C491CDB613A0048344C /* XMGRecommendTagCell.xib in Resources */,
				D72A81A31CD9C9690086DF3D /* XMGRecommendCategoryCell.xib in Resources */,
				D77F423B1CE05FF7003F5F50 /* XMGLoginRegisterViewController.xib in Resources */,
				D779545C1CD99B600054448C /* XMGRecommendViewController.xib in Resources */,
				D77954571CD9907F0054448C /* XMGFriendTrendsViewController.xib in Resources */,
				D7165DCB1CE57A0A009030DB /* XMGTopicCell.xib in Resources */,
				D7DAF1F71D002BE3006E456F /* XMGShowPictureViewController.xib in Resources */,
			);
			runOnlyForDeploymentPostprocessing = 0;
		};
		D707C5C41CD1EB71009825E2 /* Resources */ = {
			isa = PBXResourcesBuildPhase;
			buildActionMask = 2147483647;
			files = (
			);
			runOnlyForDeploymentPostprocessing = 0;
		};
		D707C5CF1CD1EB71009825E2 /* Resources */ = {
			isa = PBXResourcesBuildPhase;
			buildActionMask = 2147483647;
			files = (
			);
			runOnlyForDeploymentPostprocessing = 0;
		};
/* End PBXResourcesBuildPhase section */

/* Begin PBXShellScriptBuildPhase section */
		8B927DC227C552D82DB4779E /* Check Pods Manifest.lock */ = {
			isa = PBXShellScriptBuildPhase;
			buildActionMask = 2147483647;
			files = (
			);
			inputPaths = (
			);
			name = "Check Pods Manifest.lock";
			outputPaths = (
			);
			runOnlyForDeploymentPostprocessing = 0;
			shellPath = /bin/sh;
			shellScript = "diff \"${PODS_ROOT}/../Podfile.lock\" \"${PODS_ROOT}/Manifest.lock\" > /dev/null\nif [[ $? != 0 ]] ; then\n    cat << EOM\nerror: The sandbox is not in sync with the Podfile.lock. Run 'pod install' or update your CocoaPods installation.\nEOM\n    exit 1\nfi\n";
			showEnvVarsInLog = 0;
		};
		9501A9261AC4928090BE8767 /* Copy Pods Resources */ = {
			isa = PBXShellScriptBuildPhase;
			buildActionMask = 2147483647;
			files = (
			);
			inputPaths = (
			);
			name = "Copy Pods Resources";
			outputPaths = (
			);
			runOnlyForDeploymentPostprocessing = 0;
			shellPath = /bin/sh;
			shellScript = "\"${SRCROOT}/Pods/Target Support Files/Pods/Pods-resources.sh\"\n";
			showEnvVarsInLog = 0;
		};
		FA85BB3CBFD6B010E5173E54 /* Embed Pods Frameworks */ = {
			isa = PBXShellScriptBuildPhase;
			buildActionMask = 2147483647;
			files = (
			);
			inputPaths = (
			);
			name = "Embed Pods Frameworks";
			outputPaths = (
			);
			runOnlyForDeploymentPostprocessing = 0;
			shellPath = /bin/sh;
			shellScript = "\"${SRCROOT}/Pods/Target Support Files/Pods/Pods-frameworks.sh\"\n";
			showEnvVarsInLog = 0;
		};
/* End PBXShellScriptBuildPhase section */

/* Begin PBXSourcesBuildPhase section */
		D707C5A91CD1EB70009825E2 /* Sources */ = {
			isa = PBXSourcesBuildPhase;
			buildActionMask = 2147483647;
			files = (
				D72A81AB1CD9E31A0086DF3D /* XMGRecommendUser.m in Sources */,
				D7E6C32A1CE3208200A6E200 /* XMGTextField.m in Sources */,
				D73A15DC1CD8B614008AAC70 /* XMGTabBar.m in Sources */,
				D7DAF1F61D002BE3006E456F /* XMGShowPictureViewController.m in Sources */,
				D783EB631CE48416009F04FB /* XMGConst.m in Sources */,
				D7723C411CDB5D4B0048344C /* XMGRecommendTagsViewController.m in Sources */,
				D7D60BDA1CF8498200B02C41 /* XMGTopicViewController.m in Sources */,
				D795F8A01D05945300C54171 /* XMGPublishView.m in Sources */,
				D77954611CD9C69E0054448C /* XMGRecommendCategory.m in Sources */,
				D7DAF1FA1D0033DF006E456F /* XMGProgressView.m in Sources */,
				D73A15DF1CD8CF76008AAC70 /* XMGNavigationController.m in Sources */,
				D783EB601CE46AE2009F04FB /* XMGTopic.m in Sources */,
				D7F47A2E1D5DB85100FAACB8 /* XMGTopicVoiceView.m in Sources */,
				D72739641CEEEEEA002E31D0 /* NSDate+XMGExtension.m in Sources */,
				D73A15D51CD8B614008AAC70 /* XMGMeViewController.m in Sources */,
				D77F423A1CE05FF7003F5F50 /* XMGLoginRegisterViewController.m in Sources */,
				D758514C1CFC2D8D00CCF487 /* XMGTopicPictureView.m in Sources */,
				D7723C481CDB613A0048344C /* XMGRecommendTagCell.m in Sources */,
				D73A15D31CD8B614008AAC70 /* XMGEssenceViewController.m in Sources */,
				D7E6C32D1CE34CC600A6E200 /* XMGPushGuideView.m in Sources */,
				D72A81A21CD9C9690086DF3D /* XMGRecommendCategoryCell.m in Sources */,
				D7723C441CDB5F3C0048344C /* XMGRecommendTag.m in Sources */,
				D72A81A71CD9DFA00086DF3D /* XMGRecommendUserCell.m in Sources */,
				D7E6C3271CE30DF000A6E200 /* XMGVerticalButton.m in Sources */,
				D779545B1CD99B600054448C /* XMGRecommendViewController.m in Sources */,
				D7165DCA1CE57A0A009030DB /* XMGTopicCell.m in Sources */,
				D73A15D61CD8B614008AAC70 /* XMGNewViewController.m in Sources */,
				D73A15D91CD8B614008AAC70 /* UIView+XMGExtension.m in Sources */,
				D73A15DA1CD8B614008AAC70 /* XMGTabBarController.m in Sources */,
				D73A15D41CD8B614008AAC70 /* XMGFriendTrendsViewController.m in Sources */,
				D73A15D71CD8B614008AAC70 /* AppDelegate.m in Sources */,
				D779545E1CD9A3BA0054448C /* Foundation+Log.m in Sources */,
				D7832A4D1D01673200C9859A /* XMGPublishViewController.m in Sources */,
				D73A15DB1CD8B614008AAC70 /* main.m in Sources */,
				D73A15D81CD8B614008AAC70 /* UIBarButtonItem+XMGExtension.m in Sources */,
			);
			runOnlyForDeploymentPostprocessing = 0;
		};
		D707C5C21CD1EB71009825E2 /* Sources */ = {
			isa = PBXSourcesBuildPhase;
			buildActionMask = 2147483647;
			files = (
				D707C5CB1CD1EB71009825E2 /* _____Tests.m in Sources */,
			);
			runOnlyForDeploymentPostprocessing = 0;
		};
		D707C5CD1CD1EB71009825E2 /* Sources */ = {
			isa = PBXSourcesBuildPhase;
			buildActionMask = 2147483647;
			files = (
				D707C5D61CD1EB71009825E2 /* _____UITests.m in Sources */,
			);
			runOnlyForDeploymentPostprocessing = 0;
		};
/* End PBXSourcesBuildPhase section */

/* Begin PBXTargetDependency section */
		D707C5C81CD1EB71009825E2 /* PBXTargetDependency */ = {
			isa = PBXTargetDependency;
			target = D707C5AC1CD1EB70009825E2 /* 百思不得姐 */;
			targetProxy = D707C5C71CD1EB71009825E2 /* PBXContainerItemProxy */;
		};
		D707C5D31CD1EB71009825E2 /* PBXTargetDependency */ = {
			isa = PBXTargetDependency;
			target = D707C5AC1CD1EB70009825E2 /* 百思不得姐 */;
			targetProxy = D707C5D21CD1EB71009825E2 /* PBXContainerItemProxy */;
		};
/* End PBXTargetDependency section */

/* Begin XCBuildConfiguration section */
		D707C5D81CD1EB71009825E2 /* Debug */ = {
			isa = XCBuildConfiguration;
			buildSettings = {
				ALWAYS_SEARCH_USER_PATHS = NO;
				CLANG_ANALYZER_NONNULL = YES;
				CLANG_CXX_LANGUAGE_STANDARD = "gnu++0x";
				CLANG_CXX_LIBRARY = "libc++";
				CLANG_ENABLE_MODULES = YES;
				CLANG_ENABLE_OBJC_ARC = YES;
				CLANG_WARN_BOOL_CONVERSION = YES;
				CLANG_WARN_CONSTANT_CONVERSION = YES;
				CLANG_WARN_DIRECT_OBJC_ISA_USAGE = YES_ERROR;
				CLANG_WARN_EMPTY_BODY = YES;
				CLANG_WARN_ENUM_CONVERSION = YES;
				CLANG_WARN_INT_CONVERSION = YES;
				CLANG_WARN_OBJC_ROOT_CLASS = YES_ERROR;
				CLANG_WARN_UNREACHABLE_CODE = YES;
				CLANG_WARN__DUPLICATE_METHOD_MATCH = YES;
				"CODE_SIGN_IDENTITY[sdk=iphoneos*]" = "iPhone Developer";
				COPY_PHASE_STRIP = NO;
				DEBUG_INFORMATION_FORMAT = dwarf;
				ENABLE_STRICT_OBJC_MSGSEND = YES;
				ENABLE_TESTABILITY = YES;
				GCC_C_LANGUAGE_STANDARD = gnu99;
				GCC_DYNAMIC_NO_PIC = NO;
				GCC_NO_COMMON_BLOCKS = YES;
				GCC_OPTIMIZATION_LEVEL = 0;
				GCC_PREPROCESSOR_DEFINITIONS = (
					"DEBUG=1",
					"$(inherited)",
				);
				GCC_WARN_64_TO_32_BIT_CONVERSION = YES;
				GCC_WARN_ABOUT_RETURN_TYPE = YES_ERROR;
				GCC_WARN_UNDECLARED_SELECTOR = YES;
				GCC_WARN_UNINITIALIZED_AUTOS = YES_AGGRESSIVE;
				GCC_WARN_UNUSED_FUNCTION = YES;
				GCC_WARN_UNUSED_VARIABLE = YES;
				IPHONEOS_DEPLOYMENT_TARGET = 9.3;
				MTL_ENABLE_DEBUG_INFO = YES;
				ONLY_ACTIVE_ARCH = YES;
				SDKROOT = iphoneos;
				TARGETED_DEVICE_FAMILY = "1,2";
			};
			name = Debug;
		};
		D707C5D91CD1EB71009825E2 /* Release */ = {
			isa = XCBuildConfiguration;
			buildSettings = {
				ALWAYS_SEARCH_USER_PATHS = NO;
				CLANG_ANALYZER_NONNULL = YES;
				CLANG_CXX_LANGUAGE_STANDARD = "gnu++0x";
				CLANG_CXX_LIBRARY = "libc++";
				CLANG_ENABLE_MODULES = YES;
				CLANG_ENABLE_OBJC_ARC = YES;
				CLANG_WARN_BOOL_CONVERSION = YES;
				CLANG_WARN_CONSTANT_CONVERSION = YES;
				CLANG_WARN_DIRECT_OBJC_ISA_USAGE = YES_ERROR;
				CLANG_WARN_EMPTY_BODY = YES;
				CLANG_WARN_ENUM_CONVERSION = YES;
				CLANG_WARN_INT_CONVERSION = YES;
				CLANG_WARN_OBJC_ROOT_CLASS = YES_ERROR;
				CLANG_WARN_UNREACHABLE_CODE = YES;
				CLANG_WARN__DUPLICATE_METHOD_MATCH = YES;
				"CODE_SIGN_IDENTITY[sdk=iphoneos*]" = "iPhone Developer";
				COPY_PHASE_STRIP = NO;
				DEBUG_INFORMATION_FORMAT = "dwarf-with-dsym";
				ENABLE_NS_ASSERTIONS = NO;
				ENABLE_STRICT_OBJC_MSGSEND = YES;
				GCC_C_LANGUAGE_STANDARD = gnu99;
				GCC_NO_COMMON_BLOCKS = YES;
				GCC_WARN_64_TO_32_BIT_CONVERSION = YES;
				GCC_WARN_ABOUT_RETURN_TYPE = YES_ERROR;
				GCC_WARN_UNDECLARED_SELECTOR = YES;
				GCC_WARN_UNINITIALIZED_AUTOS = YES_AGGRESSIVE;
				GCC_WARN_UNUSED_FUNCTION = YES;
				GCC_WARN_UNUSED_VARIABLE = YES;
				IPHONEOS_DEPLOYMENT_TARGET = 9.3;
				MTL_ENABLE_DEBUG_INFO = NO;
				SDKROOT = iphoneos;
				TARGETED_DEVICE_FAMILY = "1,2";
				VALIDATE_PRODUCT = YES;
			};
			name = Release;
		};
		D707C5DB1CD1EB71009825E2 /* Debug */ = {
			isa = XCBuildConfiguration;
			baseConfigurationReference = 35D3B26DCCC4215EB7C027A3 /* Pods.debug.xcconfig */;
			buildSettings = {
				ASSETCATALOG_COMPILER_APPICON_NAME = AppIcon;
				ASSETCATALOG_COMPILER_LAUNCHIMAGE_NAME = LaunchImage;
				GCC_PREFIX_HEADER = "百思不得姐/Classes/Other-其他/PrefixHeader.pch";
				INFOPLIST_FILE = "百思不得姐/Info.plist";
				LD_RUNPATH_SEARCH_PATHS = "$(inherited) @executable_path/Frameworks";
				PRODUCT_BUNDLE_IDENTIFIER = "dev.-----";
				PRODUCT_NAME = "$(TARGET_NAME)";
			};
			name = Debug;
		};
		D707C5DC1CD1EB71009825E2 /* Release */ = {
			isa = XCBuildConfiguration;
			baseConfigurationReference = 34F922371FFD6F25BB65AC4F /* Pods.release.xcconfig */;
			buildSettings = {
				ASSETCATALOG_COMPILER_APPICON_NAME = AppIcon;
				ASSETCATALOG_COMPILER_LAUNCHIMAGE_NAME = LaunchImage;
				GCC_PREFIX_HEADER = "百思不得姐/Classes/Other-其他/PrefixHeader.pch";
				INFOPLIST_FILE = "百思不得姐/Info.plist";
				LD_RUNPATH_SEARCH_PATHS = "$(inherited) @executable_path/Frameworks";
				PRODUCT_BUNDLE_IDENTIFIER = "dev.-----";
				PRODUCT_NAME = "$(TARGET_NAME)";
			};
			name = Release;
		};
		D707C5DE1CD1EB71009825E2 /* Debug */ = {
			isa = XCBuildConfiguration;
			buildSettings = {
				BUNDLE_LOADER = "$(TEST_HOST)";
				INFOPLIST_FILE = "百思不得姐Tests/Info.plist";
				LD_RUNPATH_SEARCH_PATHS = "$(inherited) @executable_path/Frameworks @loader_path/Frameworks";
				PRODUCT_BUNDLE_IDENTIFIER = "dev.-----Tests";
				PRODUCT_NAME = "$(TARGET_NAME)";
				TEST_HOST = "$(BUILT_PRODUCTS_DIR)/百思不得姐.app/百思不得姐";
			};
			name = Debug;
		};
		D707C5DF1CD1EB71009825E2 /* Release */ = {
			isa = XCBuildConfiguration;
			buildSettings = {
				BUNDLE_LOADER = "$(TEST_HOST)";
				INFOPLIST_FILE = "百思不得姐Tests/Info.plist";
				LD_RUNPATH_SEARCH_PATHS = "$(inherited) @executable_path/Frameworks @loader_path/Frameworks";
				PRODUCT_BUNDLE_IDENTIFIER = "dev.-----Tests";
				PRODUCT_NAME = "$(TARGET_NAME)";
				TEST_HOST = "$(BUILT_PRODUCTS_DIR)/百思不得姐.app/百思不得姐";
			};
			name = Release;
		};
		D707C5E11CD1EB71009825E2 /* Debug */ = {
			isa = XCBuildConfiguration;
			buildSettings = {
				INFOPLIST_FILE = "百思不得姐UITests/Info.plist";
				LD_RUNPATH_SEARCH_PATHS = "$(inherited) @executable_path/Frameworks @loader_path/Frameworks";
				PRODUCT_BUNDLE_IDENTIFIER = "dev.-----UITests";
				PRODUCT_NAME = "$(TARGET_NAME)";
				TEST_TARGET_NAME = "百思不得姐";
			};
			name = Debug;
		};
		D707C5E21CD1EB71009825E2 /* Release */ = {
			isa = XCBuildConfiguration;
			buildSettings = {
				INFOPLIST_FILE = "百思不得姐UITests/Info.plist";
				LD_RUNPATH_SEARCH_PATHS = "$(inherited) @executable_path/Frameworks @loader_path/Frameworks";
				PRODUCT_BUNDLE_IDENTIFIER = "dev.-----UITests";
				PRODUCT_NAME = "$(TARGET_NAME)";
				TEST_TARGET_NAME = "百思不得姐";
			};
			name = Release;
		};
/* End XCBuildConfiguration section */

/* Begin XCConfigurationList section */
		D707C5A81CD1EB70009825E2 /* Build configuration list for PBXProject "百思不得姐" */ = {
			isa = XCConfigurationList;
			buildConfigurations = (
				D707C5D81CD1EB71009825E2 /* Debug */,
				D707C5D91CD1EB71009825E2 /* Release */,
			);
			defaultConfigurationIsVisible = 0;
			defaultConfigurationName = Release;
		};
		D707C5DA1CD1EB71009825E2 /* Build configuration list for PBXNativeTarget "百思不得姐" */ = {
			isa = XCConfigurationList;
			buildConfigurations = (
				D707C5DB1CD1EB71009825E2 /* Debug */,
				D707C5DC1CD1EB71009825E2 /* Release */,
			);
			defaultConfigurationIsVisible = 0;
			defaultConfigurationName = Release;
		};
		D707C5DD1CD1EB71009825E2 /* Build configuration list for PBXNativeTarget "百思不得姐Tests" */ = {
			isa = XCConfigurationList;
			buildConfigurations = (
				D707C5DE1CD1EB71009825E2 /* Debug */,
				D707C5DF1CD1EB71009825E2 /* Release */,
			);
			defaultConfigurationIsVisible = 0;
			defaultConfigurationName = Release;
		};
		D707C5E01CD1EB71009825E2 /* Build configuration list for PBXNativeTarget "百思不得姐UITests" */ = {
			isa = XCConfigurationList;
			buildConfigurations = (
				D707C5E11CD1EB71009825E2 /* Debug */,
				D707C5E21CD1EB71009825E2 /* Release */,
			);
			defaultConfigurationIsVisible = 0;
			defaultConfigurationName = Release;
		};
/* End XCConfigurationList section */
	};
	rootObject = D707C5A51CD1EB70009825E2 /* Project object */;
}
